
Microsoft Visual Studio Solution File, Format Version 12.00
# Visual Studio Version 17
VisualStudioVersion = 17.11.35327.3
MinimumVisualStudioVersion = 10.0.40219.1
Project("{FAE04EC0-301F-11D3-BF4B-00C04F79EFBC}") = "ConsoleAppTest", "ConsoleAppTest\ConsoleAppTest.csproj", "{A64BF1EE-FC1E-4705-8D7E-0E99D21CDB1B}"
EndProject
Global
	GlobalSection(SolutionConfigurationPlatforms) = preSolution
		Debug|Any CPU = Debug|Any CPU
		Release|Any CPU = Release|Any CPU
	EndGlobalSection
	GlobalSection(ProjectConfigurationPlatforms) = postSolution
		{A64BF1EE-FC1E-4705-8D7E-0E99D21CDB1B}.Debug|Any CPU.ActiveCfg = Debug|Any CPU
		{A64BF1EE-FC1E-4705-8D7E-0E99D21CDB1B}.Debug|Any CPU.Build.0 = Debug|Any CPU
		{A64BF1EE-FC1E-4705-8D7E-0E99D21CDB1B}.Release|Any CPU.ActiveCfg = Release|Any CPU
		{A64BF1EE-FC1E-4705-8D7E-0E99D21CDB1B}.Release|Any CPU.Build.0 = Release|Any CPU
	EndGlobalSection
	GlobalSection(SolutionProperties) = preSolution
		HideSolutionNode = FALSE
	EndGlobalSection
	GlobalSection(ExtensibilityGlobals) = postSolution
		SolutionGuid = {E1E79A43-1EAA-49EE-9D69-385A3CCB5391}
	EndGlobalSection
EndGlobal
